
Microsoft Visual Studio Solution File, Format Version 12.00
# Visual Studio Version 17
VisualStudioVersion = 17.0.31903.59
MinimumVisualStudioVersion = 10.0.40219.1
Project("{2150E333-8FDC-42A3-9474-1A3956D46DE8}") = "src", "src", "{6BF4ED6B-EA06-4D25-B15B-78664CAF4D88}"
EndProject
Project("{FAE04EC0-301F-11D3-BF4B-00C04F79EFBC}") = "Brimborium.TaskProcessor", "src\Brimborium.TaskProcessor\Brimborium.TaskProcessor.csproj", "{0C2DB647-8CDF-46D6-949F-3CC71C4A8006}"
EndProject
Project("{FAE04EC0-301F-11D3-BF4B-00C04F79EFBC}") = "Brimborium.TaskProcessor.Tests", "src\Brimborium.TaskProcessor.Tests\Brimborium.TaskProcessor.Tests.csproj", "{64BC512F-4F16-48A0-919A-ABA6CD2546FE}"
EndProject
Global
	GlobalSection(SolutionConfigurationPlatforms) = preSolution
		Debug|Any CPU = Debug|Any CPU
		Release|Any CPU = Release|Any CPU
	EndGlobalSection
	GlobalSection(SolutionProperties) = preSolution
		HideSolutionNode = FALSE
	EndGlobalSection
	GlobalSection(ProjectConfigurationPlatforms) = postSolution
		{0C2DB647-8CDF-46D6-949F-3CC71C4A8006}.Debug|Any CPU.ActiveCfg = Debug|Any CPU
		{0C2DB647-8CDF-46D6-949F-3CC71C4A8006}.Debug|Any CPU.Build.0 = Debug|Any CPU
		{0C2DB647-8CDF-46D6-949F-3CC71C4A8006}.Release|Any CPU.ActiveCfg = Release|Any CPU
		{0C2DB647-8CDF-46D6-949F-3CC71C4A8006}.Release|Any CPU.Build.0 = Release|Any CPU
		{64BC512F-4F16-48A0-919A-ABA6CD2546FE}.Debug|Any CPU.ActiveCfg = Debug|Any CPU
		{64BC512F-4F16-48A0-919A-ABA6CD2546FE}.Debug|Any CPU.Build.0 = Debug|Any CPU
		{64BC512F-4F16-48A0-919A-ABA6CD2546FE}.Release|Any CPU.ActiveCfg = Release|Any CPU
		{64BC512F-4F16-48A0-919A-ABA6CD2546FE}.Release|Any CPU.Build.0 = Release|Any CPU
	EndGlobalSection
	GlobalSection(NestedProjects) = preSolution
		{0C2DB647-8CDF-46D6-949F-3CC71C4A8006} = {6BF4ED6B-EA06-4D25-B15B-78664CAF4D88}
		{64BC512F-4F16-48A0-919A-ABA6CD2546FE} = {6BF4ED6B-EA06-4D25-B15B-78664CAF4D88}
	EndGlobalSection
EndGlobal
